
Microsoft Visual Studio Solution File, Format Version 12.00
# Visual Studio Version 16
VisualStudioVersion = 16.0.31129.286
MinimumVisualStudioVersion = 10.0.40219.1
Project("{9A19103F-16F7-4668-BE54-9A1E7A4F7556}") = "BoBra", "BoBra\BoBra.csproj", "{10B9C1AF-7E93-46D9-9B12-D682BE423242}"
EndProject
Project("{FAE04EC0-301F-11D3-BF4B-00C04F79EFBC}") = "BoBra-Kund", "BoBra-Kund\BoBra-Kund.csproj", "{4093AF1A-5DF1-44D3-B4D1-74EA47638580}"
EndProject
Global
	GlobalSection(SolutionConfigurationPlatforms) = preSolution
		Debug|Any CPU = Debug|Any CPU
		Release|Any CPU = Release|Any CPU
	EndGlobalSection
	GlobalSection(ProjectConfigurationPlatforms) = postSolution
		{10B9C1AF-7E93-46D9-9B12-D682BE423242}.Debug|Any CPU.ActiveCfg = Debug|Any CPU
		{10B9C1AF-7E93-46D9-9B12-D682BE423242}.Debug|Any CPU.Build.0 = Debug|Any CPU
		{10B9C1AF-7E93-46D9-9B12-D682BE423242}.Release|Any CPU.ActiveCfg = Release|Any CPU
		{10B9C1AF-7E93-46D9-9B12-D682BE423242}.Release|Any CPU.Build.0 = Release|Any CPU
		{4093AF1A-5DF1-44D3-B4D1-74EA47638580}.Debug|Any CPU.ActiveCfg = Debug|Any CPU
		{4093AF1A-5DF1-44D3-B4D1-74EA47638580}.Debug|Any CPU.Build.0 = Debug|Any CPU
		{4093AF1A-5DF1-44D3-B4D1-74EA47638580}.Release|Any CPU.ActiveCfg = Release|Any CPU
		{4093AF1A-5DF1-44D3-B4D1-74EA47638580}.Release|Any CPU.Build.0 = Release|Any CPU
	EndGlobalSection
	GlobalSection(SolutionProperties) = preSolution
		HideSolutionNode = FALSE
	EndGlobalSection
	GlobalSection(ExtensibilityGlobals) = postSolution
		SolutionGuid = {F7ABA17E-FC90-404F-93FB-F7AB63695B73}
	EndGlobalSection
EndGlobal
